// !$*UTF8*$!
{
	archiveVersion = 1;
	classes = {
	};
	objectVersion = 48;
	objects = {

/* Begin PBXBuildFile section */
		C4B88F922005C33D003AB836 /* AppDelegate.swift in Sources */ = {isa = PBXBuildFile; fileRef = C4B88F912005C33D003AB836 /* AppDelegate.swift */; };
		C4B88F942005C33D003AB836 /* ViewController.swift in Sources */ = {isa = PBXBuildFile; fileRef = C4B88F932005C33D003AB836 /* ViewController.swift */; };
		C4B88F972005C33D003AB836 /* Main.storyboard in Resources */ = {isa = PBXBuildFile; fileRef = C4B88F952005C33D003AB836 /* Main.storyboard */; };
		C4B88F992005C33D003AB836 /* Assets.xcassets in Resources */ = {isa = PBXBuildFile; fileRef = C4B88F982005C33D003AB836 /* Assets.xcassets */; };
		C4B88F9C2005C33D003AB836 /* LaunchScreen.storyboard in Resources */ = {isa = PBXBuildFile; fileRef = C4B88F9A2005C33D003AB836 /* LaunchScreen.storyboard */; };
		C4B88FA72005C33D003AB836 /* Cold_CallTests.swift in Sources */ = {isa = PBXBuildFile; fileRef = C4B88FA62005C33D003AB836 /* Cold_CallTests.swift */; };
		C4B88FB22005C33D003AB836 /* Cold_CallUITests.swift in Sources */ = {isa = PBXBuildFile; fileRef = C4B88FB12005C33D003AB836 /* Cold_CallUITests.swift */; };
/* End PBXBuildFile section */

/* Begin PBXContainerItemProxy section */
		C4B88FA32005C33D003AB836 /* PBXContainerItemProxy */ = {
			isa = PBXContainerItemProxy;
			containerPortal = C4B88F862005C33D003AB836 /* Project object */;
			proxyType = 1;
			remoteGlobalIDString = C4B88F8D2005C33D003AB836;
			remoteInfo = "Cold Call";
		};
		C4B88FAE2005C33D003AB836 /* PBXContainerItemProxy */ = {
			isa = PBXContainerItemProxy;
			containerPortal = C4B88F862005C33D003AB836 /* Project object */;
			proxyType = 1;
			remoteGlobalIDString = C4B88F8D2005C33D003AB836;
			remoteInfo = "Cold Call";
		};
/* End PBXContainerItemProxy section */

/* Begin PBXFileReference section */
		C4B88F8E2005C33D003AB836 /* Cold Call.app */ = {isa = PBXFileReference; explicitFileType = wrapper.application; includeInIndex = 0; path = "Cold Call.app"; sourceTree = BUILT_PRODUCTS_DIR; };
		C4B88F912005C33D003AB836 /* AppDelegate.swift */ = {isa = PBXFileReference; lastKnownFileType = sourcecode.swift; path = AppDelegate.swift; sourceTree = "<group>"; };
		C4B88F932005C33D003AB836 /* ViewController.swift */ = {isa = PBXFileReference; lastKnownFileType = sourcecode.swift; path = ViewController.swift; sourceTree = "<group>"; };
		C4B88F962005C33D003AB836 /* Base */ = {isa = PBXFileReference; lastKnownFileType = file.storyboard; name = Base; path = Base.lproj/Main.storyboard; sourceTree = "<group>"; };
		C4B88F982005C33D003AB836 /* Assets.xcassets */ = {isa = PBXFileReference; lastKnownFileType = folder.assetcatalog; path = Assets.xcassets; sourceTree = "<group>"; };
		C4B88F9B2005C33D003AB836 /* Base */ = {isa = PBXFileReference; lastKnownFileType = file.storyboard; name = Base; path = Base.lproj/LaunchScreen.storyboard; sourceTree = "<group>"; };
		C4B88F9D2005C33D003AB836 /* Info.plist */ = {isa = PBXFileReference; lastKnownFileType = text.plist.xml; path = Info.plist; sourceTree = "<group>"; };
		C4B88FA22005C33D003AB836 /* Cold CallTests.xctest */ = {isa = PBXFileReference; explicitFileType = wrapper.cfbundle; includeInIndex = 0; path = "Cold CallTests.xctest"; sourceTree = BUILT_PRODUCTS_DIR; };
		C4B88FA62005C33D003AB836 /* Cold_CallTests.swift */ = {isa = PBXFileReference; lastKnownFileType = sourcecode.swift; path = Cold_CallTests.swift; sourceTree = "<group>"; };
		C4B88FA82005C33D003AB836 /* Info.plist */ = {isa = PBXFileReference; lastKnownFileType = text.plist.xml; path = Info.plist; sourceTree = "<group>"; };
		C4B88FAD2005C33D003AB836 /* Cold CallUITests.xctest */ = {isa = PBXFileReference; explicitFileType = wrapper.cfbundle; includeInIndex = 0; path = "Cold CallUITests.xctest"; sourceTree = BUILT_PRODUCTS_DIR; };
		C4B88FB12005C33D003AB836 /* Cold_CallUITests.swift */ = {isa = PBXFileReference; lastKnownFileType = sourcecode.swift; path = Cold_CallUITests.swift; sourceTree = "<group>"; };
		C4B88FB32005C33D003AB836 /* Info.plist */ = {isa = PBXFileReference; lastKnownFileType = text.plist.xml; path = Info.plist; sourceTree = "<group>"; };
/* End PBXFileReference section */

/* Begin PBXFrameworksBuildPhase section */
		C4B88F8B2005C33D003AB836 /* Frameworks */ = {
			isa = PBXFrameworksBuildPhase;
			buildActionMask = 2147483647;
			files = (
			);
			runOnlyForDeploymentPostprocessing = 0;
		};
		C4B88F9F2005C33D003AB836 /* Frameworks */ = {
			isa = PBXFrameworksBuildPhase;
			buildActionMask = 2147483647;
			files = (
			);
			runOnlyForDeploymentPostprocessing = 0;
		};
		C4B88FAA2005C33D003AB836 /* Frameworks */ = {
			isa = PBXFrameworksBuildPhase;
			buildActionMask = 2147483647;
			files = (
			);
			runOnlyForDeploymentPostprocessing = 0;
		};
/* End PBXFrameworksBuildPhase section */

/* Begin PBXGroup section */
		C4B88F852005C33D003AB836 = {
			isa = PBXGroup;
			children = (
				C4B88F902005C33D003AB836 /* Cold Call */,
				C4B88FA52005C33D003AB836 /* Cold CallTests */,
				C4B88FB02005C33D003AB836 /* Cold CallUITests */,
				C4B88F8F2005C33D003AB836 /* Products */,
			);
			sourceTree = "<group>";
		};
		C4B88F8F2005C33D003AB836 /* Products */ = {
			isa = PBXGroup;
			children = (
				C4B88F8E2005C33D003AB836 /* Cold Call.app */,
				C4B88FA22005C33D003AB836 /* Cold CallTests.xctest */,
				C4B88FAD2005C33D003AB836 /* Cold CallUITests.xctest */,
			);
			name = Products;
			sourceTree = "<group>";
		};
		C4B88F902005C33D003AB836 /* Cold Call */ = {
			isa = PBXGroup;
			children = (
				C4B88F912005C33D003AB836 /* AppDelegate.swift */,
				C4B88F932005C33D003AB836 /* ViewController.swift */,
				C4B88F952005C33D003AB836 /* Main.storyboard */,
				C4B88F982005C33D003AB836 /* Assets.xcassets */,
				C4B88F9A2005C33D003AB836 /* LaunchScreen.storyboard */,
				C4B88F9D2005C33D003AB836 /* Info.plist */,
			);
			path = "Cold Call";
			sourceTree = "<group>";
		};
		C4B88FA52005C33D003AB836 /* Cold CallTests */ = {
			isa = PBXGroup;
			children = (
				C4B88FA62005C33D003AB836 /* Cold_CallTests.swift */,
				C4B88FA82005C33D003AB836 /* Info.plist */,
			);
			path = "Cold CallTests";
			sourceTree = "<group>";
		};
		C4B88FB02005C33D003AB836 /* Cold CallUITests */ = {
			isa = PBXGroup;
			children = (
				C4B88FB12005C33D003AB836 /* Cold_CallUITests.swift */,
				C4B88FB32005C33D003AB836 /* Info.plist */,
			);
			path = "Cold CallUITests";
			sourceTree = "<group>";
		};
/* End PBXGroup section */

/* Begin PBXNativeTarget section */
		C4B88F8D2005C33D003AB836 /* Cold Call */ = {
			isa = PBXNativeTarget;
			buildConfigurationList = C4B88FB62005C33D003AB836 /* Build configuration list for PBXNativeTarget "Cold Call" */;
			buildPhases = (
				C4B88F8A2005C33D003AB836 /* Sources */,
				C4B88F8B2005C33D003AB836 /* Frameworks */,
				C4B88F8C2005C33D003AB836 /* Resources */,
			);
			buildRules = (
			);
			dependencies = (
			);
			name = "Cold Call";
			productName = "Cold Call";
			productReference = C4B88F8E2005C33D003AB836 /* Cold Call.app */;
			productType = "com.apple.product-type.application";
		};
		C4B88FA12005C33D003AB836 /* Cold CallTests */ = {
			isa = PBXNativeTarget;
			buildConfigurationList = C4B88FB92005C33D003AB836 /* Build configuration list for PBXNativeTarget "Cold CallTests" */;
			buildPhases = (
				C4B88F9E2005C33D003AB836 /* Sources */,
				C4B88F9F2005C33D003AB836 /* Frameworks */,
				C4B88FA02005C33D003AB836 /* Resources */,
			);
			buildRules = (
			);
			dependencies = (
				C4B88FA42005C33D003AB836 /* PBXTargetDependency */,
			);
			name = "Cold CallTests";
			productName = "Cold CallTests";
			productReference = C4B88FA22005C33D003AB836 /* Cold CallTests.xctest */;
			productType = "com.apple.product-type.bundle.unit-test";
		};
		C4B88FAC2005C33D003AB836 /* Cold CallUITests */ = {
			isa = PBXNativeTarget;
			buildConfigurationList = C4B88FBC2005C33D003AB836 /* Build configuration list for PBXNativeTarget "Cold CallUITests" */;
			buildPhases = (
				C4B88FA92005C33D003AB836 /* Sources */,
				C4B88FAA2005C33D003AB836 /* Frameworks */,
				C4B88FAB2005C33D003AB836 /* Resources */,
			);
			buildRules = (
			);
			dependencies = (
				C4B88FAF2005C33D003AB836 /* PBXTargetDependency */,
			);
			name = "Cold CallUITests";
			productName = "Cold CallUITests";
			productReference = C4B88FAD2005C33D003AB836 /* Cold CallUITests.xctest */;
			productType = "com.apple.product-type.bundle.ui-testing";
		};
/* End PBXNativeTarget section */

/* Begin PBXProject section */
		C4B88F862005C33D003AB836 /* Project object */ = {
			isa = PBXProject;
			attributes = {
				LastSwiftUpdateCheck = 0920;
				LastUpgradeCheck = 0920;
				ORGANIZATIONNAME = Ben;
				TargetAttributes = {
					C4B88F8D2005C33D003AB836 = {
						CreatedOnToolsVersion = 9.2;
						ProvisioningStyle = Automatic;
					};
					C4B88FA12005C33D003AB836 = {
						CreatedOnToolsVersion = 9.2;
						ProvisioningStyle = Automatic;
						TestTargetID = C4B88F8D2005C33D003AB836;
					};
					C4B88FAC2005C33D003AB836 = {
						CreatedOnToolsVersion = 9.2;
						ProvisioningStyle = Automatic;
						TestTargetID = C4B88F8D2005C33D003AB836;
					};
				};
			};
			buildConfigurationList = C4B88F892005C33D003AB836 /* Build configuration list for PBXProject "Cold Call" */;
			compatibilityVersion = "Xcode 8.0";
			developmentRegion = en;
			hasScannedForEncodings = 0;
			knownRegions = (
				en,
				Base,
			);
			mainGroup = C4B88F852005C33D003AB836;
			productRefGroup = C4B88F8F2005C33D003AB836 /* Products */;
			projectDirPath = "";
			projectRoot = "";
			targets = (
				C4B88F8D2005C33D003AB836 /* Cold Call */,
				C4B88FA12005C33D003AB836 /* Cold CallTests */,
				C4B88FAC2005C33D003AB836 /* Cold CallUITests */,
			);
		};
/* End PBXProject section */

/* Begin PBXResourcesBuildPhase section */
		C4B88F8C2005C33D003AB836 /* Resources */ = {
			isa = PBXResourcesBuildPhase;
			buildActionMask = 2147483647;
			files = (
				C4B88F9C2005C33D003AB836 /* LaunchScreen.storyboard in Resources */,
				C4B88F992005C33D003AB836 /* Assets.xcassets in Resources */,
				C4B88F972005C33D003AB836 /* Main.storyboard in Resources */,
			);
			runOnlyForDeploymentPostprocessing = 0;
		};
		C4B88FA02005C33D003AB836 /* Resources */ = {
			isa = PBXResourcesBuildPhase;
			buildActionMask = 2147483647;
			files = (
			);
			runOnlyForDeploymentPostprocessing = 0;
		};
		C4B88FAB2005C33D003AB836 /* Resources */ = {
			isa = PBXResourcesBuildPhase;
			buildActionMask = 2147483647;
			files = (
			);
			runOnlyForDeploymentPostprocessing = 0;
		};
/* End PBXResourcesBuildPhase section */

/* Begin PBXSourcesBuildPhase section */
		C4B88F8A2005C33D003AB836 /* Sources */ = {
			isa = PBXSourcesBuildPhase;
			buildActionMask = 2147483647;
			files = (
				C4B88F942005C33D003AB836 /* ViewController.swift in Sources */,
				C4B88F922005C33D003AB836 /* AppDelegate.swift in Sources */,
			);
			runOnlyForDeploymentPostprocessing = 0;
		};
		C4B88F9E2005C33D003AB836 /* Sources */ = {
			isa = PBXSourcesBuildPhase;
			buildActionMask = 2147483647;
			files = (
				C4B88FA72005C33D003AB836 /* Cold_CallTests.swift in Sources */,
			);
			runOnlyForDeploymentPostprocessing = 0;
		};
		C4B88FA92005C33D003AB836 /* Sources */ = {
			isa = PBXSourcesBuildPhase;
			buildActionMask = 2147483647;
			files = (
				C4B88FB22005C33D003AB836 /* Cold_CallUITests.swift in Sources */,
			);
			runOnlyForDeploymentPostprocessing = 0;
		};
/* End PBXSourcesBuildPhase section */

/* Begin PBXTargetDependency section */
		C4B88FA42005C33D003AB836 /* PBXTargetDependency */ = {
			isa = PBXTargetDependency;
			target = C4B88F8D2005C33D003AB836 /* Cold Call */;
			targetProxy = C4B88FA32005C33D003AB836 /* PBXContainerItemProxy */;
		};
		C4B88FAF2005C33D003AB836 /* PBXTargetDependency */ = {
			isa = PBXTargetDependency;
			target = C4B88F8D2005C33D003AB836 /* Cold Call */;
			targetProxy = C4B88FAE2005C33D003AB836 /* PBXContainerItemProxy */;
		};
/* End PBXTargetDependency section */

/* Begin PBXVariantGroup section */
		C4B88F952005C33D003AB836 /* Main.storyboard */ = {
			isa = PBXVariantGroup;
			children = (
				C4B88F962005C33D003AB836 /* Base */,
			);
			name = Main.storyboard;
			sourceTree = "<group>";
		};
		C4B88F9A2005C33D003AB836 /* LaunchScreen.storyboard */ = {
			isa = PBXVariantGroup;
			children = (
				C4B88F9B2005C33D003AB836 /* Base */,
			);
			name = LaunchScreen.storyboard;
			sourceTree = "<group>";
		};
/* End PBXVariantGroup section */

/* Begin XCBuildConfiguration section */
		C4B88FB42005C33D003AB836 /* Debug */ = {
			isa = XCBuildConfiguration;
			buildSettings = {
				ALWAYS_SEARCH_USER_PATHS = NO;
				CLANG_ANALYZER_NONNULL = YES;
				CLANG_ANALYZER_NUMBER_OBJECT_CONVERSION = YES_AGGRESSIVE;
				CLANG_CXX_LANGUAGE_STANDARD = "gnu++14";
				CLANG_CXX_LIBRARY = "libc++";
				CLANG_ENABLE_MODULES = YES;
				CLANG_ENABLE_OBJC_ARC = YES;
				CLANG_WARN_BLOCK_CAPTURE_AUTORELEASING = YES;
				CLANG_WARN_BOOL_CONVERSION = YES;
				CLANG_WARN_COMMA = YES;
				CLANG_WARN_CONSTANT_CONVERSION = YES;
				CLANG_WARN_DIRECT_OBJC_ISA_USAGE = YES_ERROR;
				CLANG_WARN_DOCUMENTATION_COMMENTS = YES;
				CLANG_WARN_EMPTY_BODY = YES;
				CLANG_WARN_ENUM_CONVERSION = YES;
				CLANG_WARN_INFINITE_RECURSION = YES;
				CLANG_WARN_INT_CONVERSION = YES;
				CLANG_WARN_NON_LITERAL_NULL_CONVERSION = YES;
				CLANG_WARN_OBJC_LITERAL_CONVERSION = YES;
				CLANG_WARN_OBJC_ROOT_CLASS = YES_ERROR;
				CLANG_WARN_RANGE_LOOP_ANALYSIS = YES;
				CLANG_WARN_STRICT_PROTOTYPES = YES;
				CLANG_WARN_SUSPICIOUS_MOVE = YES;
				CLANG_WARN_UNGUARDED_AVAILABILITY = YES_AGGRESSIVE;
				CLANG_WARN_UNREACHABLE_CODE = YES;
				CLANG_WARN__DUPLICATE_METHOD_MATCH = YES;
				CODE_SIGN_IDENTITY = "iPhone Developer";
				COPY_PHASE_STRIP = NO;
				DEBUG_INFORMATION_FORMAT = dwarf;
				ENABLE_STRICT_OBJC_MSGSEND = YES;
				ENABLE_TESTABILITY = YES;
				GCC_C_LANGUAGE_STANDARD = gnu11;
				GCC_DYNAMIC_NO_PIC = NO;
				GCC_NO_COMMON_BLOCKS = YES;
				GCC_OPTIMIZATION_LEVEL = 0;
				GCC_PREPROCESSOR_DEFINITIONS = (
					"DEBUG=1",
					"$(inherited)",
				);
				GCC_WARN_64_TO_32_BIT_CONVERSION = YES;
				GCC_WARN_ABOUT_RETURN_TYPE = YES_ERROR;
				GCC_WARN_UNDECLARED_SELECTOR = YES;
				GCC_WARN_UNINITIALIZED_AUTOS = YES_AGGRESSIVE;
				GCC_WARN_UNUSED_FUNCTION = YES;
				GCC_WARN_UNUSED_VARIABLE = YES;
				IPHONEOS_DEPLOYMENT_TARGET = 11.2;
				MTL_ENABLE_DEBUG_INFO = YES;
				ONLY_ACTIVE_ARCH = YES;
				SDKROOT = iphoneos;
				SWIFT_ACTIVE_COMPILATION_CONDITIONS = DEBUG;
				SWIFT_OPTIMIZATION_LEVEL = "-Onone";
			};
			name = Debug;
		};
		C4B88FB52005C33D003AB836 /* Release */ = {
			isa = XCBuildConfiguration;
			buildSettings = {
				ALWAYS_SEARCH_USER_PATHS = NO;
				CLANG_ANALYZER_NONNULL = YES;
				CLANG_ANALYZER_NUMBER_OBJECT_CONVERSION = YES_AGGRESSIVE;
				CLANG_CXX_LANGUAGE_STANDARD = "gnu++14";
				CLANG_CXX_LIBRARY = "libc++";
				CLANG_ENABLE_MODULES = YES;
				CLANG_ENABLE_OBJC_ARC = YES;
				CLANG_WARN_BLOCK_CAPTURE_AUTORELEASING = YES;
				CLANG_WARN_BOOL_CONVERSION = YES;
				CLANG_WARN_COMMA = YES;
				CLANG_WARN_CONSTANT_CONVERSION = YES;
				CLANG_WARN_DIRECT_OBJC_ISA_USAGE = YES_ERROR;
				CLANG_WARN_DOCUMENTATION_COMMENTS = YES;
				CLANG_WARN_EMPTY_BODY = YES;
				CLANG_WARN_ENUM_CONVERSION = YES;
				CLANG_WARN_INFINITE_RECURSION = YES;
				CLANG_WARN_INT_CONVERSION = YES;
				CLANG_WARN_NON_LITERAL_NULL_CONVERSION = YES;
				CLANG_WARN_OBJC_LITERAL_CONVERSION = YES;
				CLANG_WARN_OBJC_ROOT_CLASS = YES_ERROR;
				CLANG_WARN_RANGE_LOOP_ANALYSIS = YES;
				CLANG_WARN_STRICT_PROTOTYPES = YES;
				CLANG_WARN_SUSPICIOUS_MOVE = YES;
				CLANG_WARN_UNGUARDED_AVAILABILITY = YES_AGGRESSIVE;
				CLANG_WARN_UNREACHABLE_CODE = YES;
				CLANG_WARN__DUPLICATE_METHOD_MATCH = YES;
				CODE_SIGN_IDENTITY = "iPhone Developer";
				COPY_PHASE_STRIP = NO;
				DEBUG_INFORMATION_FORMAT = "dwarf-with-dsym";
				ENABLE_NS_ASSERTIONS = NO;
				ENABLE_STRICT_OBJC_MSGSEND = YES;
				GCC_C_LANGUAGE_STANDARD = gnu11;
				GCC_NO_COMMON_BLOCKS = YES;
				GCC_WARN_64_TO_32_BIT_CONVERSION = YES;
				GCC_WARN_ABOUT_RETURN_TYPE = YES_ERROR;
				GCC_WARN_UNDECLARED_SELECTOR = YES;
				GCC_WARN_UNINITIALIZED_AUTOS = YES_AGGRESSIVE;
				GCC_WARN_UNUSED_FUNCTION = YES;
				GCC_WARN_UNUSED_VARIABLE = YES;
				IPHONEOS_DEPLOYMENT_TARGET = 11.2;
				MTL_ENABLE_DEBUG_INFO = NO;
				SDKROOT = iphoneos;
				SWIFT_OPTIMIZATION_LEVEL = "-Owholemodule";
				VALIDATE_PRODUCT = YES;
			};
			name = Release;
		};
		C4B88FB72005C33D003AB836 /* Debug */ = {
			isa = XCBuildConfiguration;
			buildSettings = {
				ASSETCATALOG_COMPILER_APPICON_NAME = AppIcon;
				CODE_SIGN_STYLE = Automatic;
				INFOPLIST_FILE = "Cold Call/Info.plist";
				LD_RUNPATH_SEARCH_PATHS = "$(inherited) @executable_path/Frameworks";
				PRODUCT_BUNDLE_IDENTIFIER = "PotatoBrother.Cold-Call";
				PRODUCT_NAME = "$(TARGET_NAME)";
				SWIFT_VERSION = 4.0;
				TARGETED_DEVICE_FAMILY = "1,2";
			};
			name = Debug;
		};
		C4B88FB82005C33D003AB836 /* Release */ = {
			isa = XCBuildConfiguration;
			buildSettings = {
				ASSETCATALOG_COMPILER_APPICON_NAME = AppIcon;
				CODE_SIGN_STYLE = Automatic;
				INFOPLIST_FILE = "Cold Call/Info.plist";
				LD_RUNPATH_SEARCH_PATHS = "$(inherited) @executable_path/Frameworks";
				PRODUCT_BUNDLE_IDENTIFIER = "PotatoBrother.Cold-Call";
				PRODUCT_NAME = "$(TARGET_NAME)";
				SWIFT_VERSION = 4.0;
				TARGETED_DEVICE_FAMILY = "1,2";
			};
			name = Release;
		};
		C4B88FBA2005C33D003AB836 /* Debug */ = {
			isa = XCBuildConfiguration;
			buildSettings = {
				ALWAYS_EMBED_SWIFT_STANDARD_LIBRARIES = YES;
				BUNDLE_LOADER = "$(TEST_HOST)";
				CODE_SIGN_STYLE = Automatic;
				INFOPLIST_FILE = "Cold CallTests/Info.plist";
				LD_RUNPATH_SEARCH_PATHS = "$(inherited) @executable_path/Frameworks @loader_path/Frameworks";
				PRODUCT_BUNDLE_IDENTIFIER = "PotatoBrother.Cold-CallTests";
				PRODUCT_NAME = "$(TARGET_NAME)";
				SWIFT_VERSION = 4.0;
				TARGETED_DEVICE_FAMILY = "1,2";
				TEST_HOST = "$(BUILT_PRODUCTS_DIR)/Cold Call.app/Cold Call";
			};
			name = Debug;
		};
		C4B88FBB2005C33D003AB836 /* Release */ = {
			isa = XCBuildConfiguration;
			buildSettings = {
				ALWAYS_EMBED_SWIFT_STANDARD_LIBRARIES = YES;
				BUNDLE_LOADER = "$(TEST_HOST)";
				CODE_SIGN_STYLE = Automatic;
				INFOPLIST_FILE = "Cold CallTests/Info.plist";
				LD_RUNPATH_SEARCH_PATHS = "$(inherited) @executable_path/Frameworks @loader_path/Frameworks";
				PRODUCT_BUNDLE_IDENTIFIER = "PotatoBrother.Cold-CallTests";
				PRODUCT_NAME = "$(TARGET_NAME)";
				SWIFT_VERSION = 4.0;
				TARGETED_DEVICE_FAMILY = "1,2";
				TEST_HOST = "$(BUILT_PRODUCTS_DIR)/Cold Call.app/Cold Call";
			};
			name = Release;
		};
		C4B88FBD2005C33D003AB836 /* Debug */ = {
			isa = XCBuildConfiguration;
			buildSettings = {
				ALWAYS_EMBED_SWIFT_STANDARD_LIBRARIES = YES;
				CODE_SIGN_STYLE = Automatic;
				INFOPLIST_FILE = "Cold CallUITests/Info.plist";
				LD_RUNPATH_SEARCH_PATHS = "$(inherited) @executable_path/Frameworks @loader_path/Frameworks";
				PRODUCT_BUNDLE_IDENTIFIER = "PotatoBrother.Cold-CallUITests";
				PRODUCT_NAME = "$(TARGET_NAME)";
				SWIFT_VERSION = 4.0;
				TARGETED_DEVICE_FAMILY = "1,2";
				TEST_TARGET_NAME = "Cold Call";
			};
			name = Debug;
		};
		C4B88FBE2005C33D003AB836 /* Release */ = {
			isa = XCBuildConfiguration;
			buildSettings = {
				ALWAYS_EMBED_SWIFT_STANDARD_LIBRARIES = YES;
				CODE_SIGN_STYLE = Automatic;
				INFOPLIST_FILE = "Cold CallUITests/Info.plist";
				LD_RUNPATH_SEARCH_PATHS = "$(inherited) @executable_path/Frameworks @loader_path/Frameworks";
				PRODUCT_BUNDLE_IDENTIFIER = "PotatoBrother.Cold-CallUITests";
				PRODUCT_NAME = "$(TARGET_NAME)";
				SWIFT_VERSION = 4.0;
				TARGETED_DEVICE_FAMILY = "1,2";
				TEST_TARGET_NAME = "Cold Call";
			};
			name = Release;
		};
/* End XCBuildConfiguration section */

/* Begin XCConfigurationList section */
		C4B88F892005C33D003AB836 /* Build configuration list for PBXProject "Cold Call" */ = {
			isa = XCConfigurationList;
			buildConfigurations = (
				C4B88FB42005C33D003AB836 /* Debug */,
				C4B88FB52005C33D003AB836 /* Release */,
			);
			defaultConfigurationIsVisible = 0;
			defaultConfigurationName = Release;
		};
		C4B88FB62005C33D003AB836 /* Build configuration list for PBXNativeTarget "Cold Call" */ = {
			isa = XCConfigurationList;
			buildConfigurations = (
				C4B88FB72005C33D003AB836 /* Debug */,
				C4B88FB82005C33D003AB836 /* Release */,
			);
			defaultConfigurationIsVisible = 0;
			defaultConfigurationName = Release;
		};
		C4B88FB92005C33D003AB836 /* Build configuration list for PBXNativeTarget "Cold CallTests" */ = {
			isa = XCConfigurationList;
			buildConfigurations = (
				C4B88FBA2005C33D003AB836 /* Debug */,
				C4B88FBB2005C33D003AB836 /* Release */,
			);
			defaultConfigurationIsVisible = 0;
			defaultConfigurationName = Release;
		};
		C4B88FBC2005C33D003AB836 /* Build configuration list for PBXNativeTarget "Cold CallUITests" */ = {
			isa = XCConfigurationList;
			buildConfigurations = (
				C4B88FBD2005C33D003AB836 /* Debug */,
				C4B88FBE2005C33D003AB836 /* Release */,
			);
			defaultConfigurationIsVisible = 0;
			defaultConfigurationName = Release;
		};
/* End XCConfigurationList section */
	};
	rootObject = C4B88F862005C33D003AB836 /* Project object */;
}
